
Microsoft Visual Studio Solution File, Format Version 12.00
# Visual Studio Version 17
VisualStudioVersion = 17.5.33414.496
MinimumVisualStudioVersion = 10.0.40219.1
Project("{FAE04EC0-301F-11D3-BF4B-00C04F79EFBC}") = "Networkify", "Networkify.csproj", "{CAEC25EB-44FC-4E8C-AF04-A92714A0E9CF}"
EndProject
Global
	GlobalSection(SolutionConfigurationPlatforms) = preSolution
		Debug|Any CPU = Debug|Any CPU
		Release|Any CPU = Release|Any CPU
	EndGlobalSection
	GlobalSection(ProjectConfigurationPlatforms) = postSolution
		{CAEC25EB-44FC-4E8C-AF04-A92714A0E9CF}.Debug|Any CPU.ActiveCfg = Debug|Any CPU
		{CAEC25EB-44FC-4E8C-AF04-A92714A0E9CF}.Debug|Any CPU.Build.0 = Debug|Any CPU
		{CAEC25EB-44FC-4E8C-AF04-A92714A0E9CF}.Release|Any CPU.ActiveCfg = Release|Any CPU
		{CAEC25EB-44FC-4E8C-AF04-A92714A0E9CF}.Release|Any CPU.Build.0 = Release|Any CPU
	EndGlobalSection
	GlobalSection(SolutionProperties) = preSolution
		HideSolutionNode = FALSE
	EndGlobalSection
	GlobalSection(ExtensibilityGlobals) = postSolution
		SolutionGuid = {A4C7F3E5-84F6-4793-9D87-A8FC7575DB51}
	EndGlobalSection
EndGlobal
